
Microsoft Visual Studio Solution File, Format Version 12.00
# Visual Studio 15
VisualStudioVersion = 15.0.27130.2027
MinimumVisualStudioVersion = 10.0.40219.1
Project("{FAE04EC0-301F-11D3-BF4B-00C04F79EFBC}") = "ObjectComparer", "ObjectComparer\ObjectComparer.csproj", "{C28C3A10-FB55-48C0-AF31-3282D58154E8}"
EndProject
Project("{FAE04EC0-301F-11D3-BF4B-00C04F79EFBC}") = "ObjectComparer.Tests", "ObjectComparer.Tests\ObjectComparer.Tests.csproj", "{2E45C30D-998F-4E8C-A599-7E9DA491E934}"
EndProject
Global
	GlobalSection(SolutionConfigurationPlatforms) = preSolution
		Debug|Any CPU = Debug|Any CPU
		Release|Any CPU = Release|Any CPU
	EndGlobalSection
	GlobalSection(ProjectConfigurationPlatforms) = postSolution
		{C28C3A10-FB55-48C0-AF31-3282D58154E8}.Debug|Any CPU.ActiveCfg = Debug|Any CPU
		{C28C3A10-FB55-48C0-AF31-3282D58154E8}.Debug|Any CPU.Build.0 = Debug|Any CPU
		{C28C3A10-FB55-48C0-AF31-3282D58154E8}.Release|Any CPU.ActiveCfg = Release|Any CPU
		{C28C3A10-FB55-48C0-AF31-3282D58154E8}.Release|Any CPU.Build.0 = Release|Any CPU
		{2E45C30D-998F-4E8C-A599-7E9DA491E934}.Debug|Any CPU.ActiveCfg = Debug|Any CPU
		{2E45C30D-998F-4E8C-A599-7E9DA491E934}.Debug|Any CPU.Build.0 = Debug|Any CPU
		{2E45C30D-998F-4E8C-A599-7E9DA491E934}.Release|Any CPU.ActiveCfg = Release|Any CPU
		{2E45C30D-998F-4E8C-A599-7E9DA491E934}.Release|Any CPU.Build.0 = Release|Any CPU
	EndGlobalSection
	GlobalSection(SolutionProperties) = preSolution
		HideSolutionNode = FALSE
	EndGlobalSection
	GlobalSection(ExtensibilityGlobals) = postSolution
		SolutionGuid = {008D2D3A-D92C-4739-965E-D1645FB38213}
	EndGlobalSection
EndGlobal
